
Microsoft Visual Studio Solution File, Format Version 12.00
# Visual Studio Version 17
VisualStudioVersion = 17.14.36327.8 d17.14
MinimumVisualStudioVersion = 10.0.40219.1
Project("{FAE04EC0-301F-11D3-BF4B-00C04F79EFBC}") = "SimpleCalculator", "SimpleCalculator\SimpleCalculator.csproj", "{B82D3940-B5A6-4B89-9A08-8BF13F04AAE7}"
EndProject
Project("{FAE04EC0-301F-11D3-BF4B-00C04F79EFBC}") = "SimpleCalculator.Test.Unit", "SimpleCalculator.Test.Unit\SimpleCalculator.Test.Unit.csproj", "{404DA96B-A860-4E7A-B14D-47800EF371B0}"
EndProject
Global
	GlobalSection(SolutionConfigurationPlatforms) = preSolution
		Debug|Any CPU = Debug|Any CPU
		Release|Any CPU = Release|Any CPU
	EndGlobalSection
	GlobalSection(ProjectConfigurationPlatforms) = postSolution
		{B82D3940-B5A6-4B89-9A08-8BF13F04AAE7}.Debug|Any CPU.ActiveCfg = Debug|Any CPU
		{B82D3940-B5A6-4B89-9A08-8BF13F04AAE7}.Debug|Any CPU.Build.0 = Debug|Any CPU
		{B82D3940-B5A6-4B89-9A08-8BF13F04AAE7}.Release|Any CPU.ActiveCfg = Release|Any CPU
		{B82D3940-B5A6-4B89-9A08-8BF13F04AAE7}.Release|Any CPU.Build.0 = Release|Any CPU
		{404DA96B-A860-4E7A-B14D-47800EF371B0}.Debug|Any CPU.ActiveCfg = Debug|Any CPU
		{404DA96B-A860-4E7A-B14D-47800EF371B0}.Debug|Any CPU.Build.0 = Debug|Any CPU
		{404DA96B-A860-4E7A-B14D-47800EF371B0}.Release|Any CPU.ActiveCfg = Release|Any CPU
		{404DA96B-A860-4E7A-B14D-47800EF371B0}.Release|Any CPU.Build.0 = Release|Any CPU
	EndGlobalSection
	GlobalSection(SolutionProperties) = preSolution
		HideSolutionNode = FALSE
	EndGlobalSection
	GlobalSection(ExtensibilityGlobals) = postSolution
		SolutionGuid = {366FBA10-D55E-49EE-A401-D11D8A123CBF}
	EndGlobalSection
EndGlobal
