
Microsoft Visual Studio Solution File, Format Version 12.00
# Visual Studio Version 17
VisualStudioVersion = 17.14.36408.4 d17.14
MinimumVisualStudioVersion = 10.0.40219.1
Project("{FAE04EC0-301F-11D3-BF4B-00C04F79EFBC}") = "SimpleWebScraper", "SimpleWebScraper\SimpleWebScraper.csproj", "{EE70A3BE-E269-4ED3-AEFD-0D9153E4BB7E}"
EndProject
Global
	GlobalSection(SolutionConfigurationPlatforms) = preSolution
		Debug|Any CPU = Debug|Any CPU
		Release|Any CPU = Release|Any CPU
	EndGlobalSection
	GlobalSection(ProjectConfigurationPlatforms) = postSolution
		{EE70A3BE-E269-4ED3-AEFD-0D9153E4BB7E}.Debug|Any CPU.ActiveCfg = Debug|Any CPU
		{EE70A3BE-E269-4ED3-AEFD-0D9153E4BB7E}.Debug|Any CPU.Build.0 = Debug|Any CPU
		{EE70A3BE-E269-4ED3-AEFD-0D9153E4BB7E}.Release|Any CPU.ActiveCfg = Release|Any CPU
		{EE70A3BE-E269-4ED3-AEFD-0D9153E4BB7E}.Release|Any CPU.Build.0 = Release|Any CPU
	EndGlobalSection
	GlobalSection(SolutionProperties) = preSolution
		HideSolutionNode = FALSE
	EndGlobalSection
	GlobalSection(ExtensibilityGlobals) = postSolution
		SolutionGuid = {BADC0B66-D4D2-4454-9BD8-2FC06AE3F8DB}
	EndGlobalSection
EndGlobal
