
Microsoft Visual Studio Solution File, Format Version 12.00
# Visual Studio Version 17
VisualStudioVersion = 17.14.36327.8 d17.14
MinimumVisualStudioVersion = 10.0.40219.1
Project("{FAE04EC0-301F-11D3-BF4B-00C04F79EFBC}") = "WordUnscrambler", "WordUnscrambler\WordUnscrambler.csproj", "{2DCE27F5-3EE3-44B5-8BA0-7A88163BEEA6}"
EndProject
Project("{FAE04EC0-301F-11D3-BF4B-00C04F79EFBC}") = "WorldUnscrambler.Test.Unit", "WorldUnscrambler.Test.Unit\WorldUnscrambler.Test.Unit.csproj", "{45E0D8FA-AC28-437A-BED4-305EA5FAF961}"
EndProject
Global
	GlobalSection(SolutionConfigurationPlatforms) = preSolution
		Debug|Any CPU = Debug|Any CPU
		Release|Any CPU = Release|Any CPU
	EndGlobalSection
	GlobalSection(ProjectConfigurationPlatforms) = postSolution
		{2DCE27F5-3EE3-44B5-8BA0-7A88163BEEA6}.Debug|Any CPU.ActiveCfg = Debug|Any CPU
		{2DCE27F5-3EE3-44B5-8BA0-7A88163BEEA6}.Debug|Any CPU.Build.0 = Debug|Any CPU
		{2DCE27F5-3EE3-44B5-8BA0-7A88163BEEA6}.Release|Any CPU.ActiveCfg = Release|Any CPU
		{2DCE27F5-3EE3-44B5-8BA0-7A88163BEEA6}.Release|Any CPU.Build.0 = Release|Any CPU
		{45E0D8FA-AC28-437A-BED4-305EA5FAF961}.Debug|Any CPU.ActiveCfg = Debug|Any CPU
		{45E0D8FA-AC28-437A-BED4-305EA5FAF961}.Debug|Any CPU.Build.0 = Debug|Any CPU
		{45E0D8FA-AC28-437A-BED4-305EA5FAF961}.Release|Any CPU.ActiveCfg = Release|Any CPU
		{45E0D8FA-AC28-437A-BED4-305EA5FAF961}.Release|Any CPU.Build.0 = Release|Any CPU
	EndGlobalSection
	GlobalSection(SolutionProperties) = preSolution
		HideSolutionNode = FALSE
	EndGlobalSection
	GlobalSection(ExtensibilityGlobals) = postSolution
		SolutionGuid = {1FE5570B-652F-4C1F-8E7D-969ED97A9586}
	EndGlobalSection
EndGlobal
